
Microsoft Visual Studio Solution File, Format Version 12.00
# Visual Studio 14
VisualStudioVersion = 14.0.23107.0
MinimumVisualStudioVersion = 10.0.40219.1
Project("{FAE04EC0-301F-11D3-BF4B-00C04F79EFBC}") = "AutoUpdate.Example.Stub", "AutoUpdate.Example.Stub\AutoUpdate.Example.Stub.csproj", "{B6AA7E38-30EA-4A3A-8B99-D4AB137587DF}"
EndProject
Project("{FAE04EC0-301F-11D3-BF4B-00C04F79EFBC}") = "AutoUpdate.Core", "AutoUpdate\AutoUpdate.Core.csproj", "{38E4F271-AB71-4EB9-B735-A8A2EE05F89D}"
EndProject
Project("{FAE04EC0-301F-11D3-BF4B-00C04F79EFBC}") = "AutoUpdate.Example.Logic", "AutoUpdate.Example.Logic\AutoUpdate.Example.Logic.csproj", "{C45C92A1-C3B5-4236-A42E-E1180B2D0477}"
EndProject
Project("{FAE04EC0-301F-11D3-BF4B-00C04F79EFBC}") = "AutoUpdate.Test", "AutoUpdate.Test\AutoUpdate.Test.csproj", "{607F555C-27B9-4DBE-944F-10B09E527089}"
EndProject
Project("{FAE04EC0-301F-11D3-BF4B-00C04F79EFBC}") = "AutoUpdate.Example.ServiceStub", "AutoUpdate.Example.ServiceStub\AutoUpdate.Example.ServiceStub.csproj", "{D30708B7-9309-44F1-AE30-24DF5A01CAAC}"
EndProject
Global
	GlobalSection(SolutionConfigurationPlatforms) = preSolution
		Debug|Any CPU = Debug|Any CPU
		Release|Any CPU = Release|Any CPU
	EndGlobalSection
	GlobalSection(ProjectConfigurationPlatforms) = postSolution
		{B6AA7E38-30EA-4A3A-8B99-D4AB137587DF}.Debug|Any CPU.ActiveCfg = Debug|Any CPU
		{B6AA7E38-30EA-4A3A-8B99-D4AB137587DF}.Debug|Any CPU.Build.0 = Debug|Any CPU
		{B6AA7E38-30EA-4A3A-8B99-D4AB137587DF}.Release|Any CPU.ActiveCfg = Release|Any CPU
		{B6AA7E38-30EA-4A3A-8B99-D4AB137587DF}.Release|Any CPU.Build.0 = Release|Any CPU
		{38E4F271-AB71-4EB9-B735-A8A2EE05F89D}.Debug|Any CPU.ActiveCfg = Debug|Any CPU
		{38E4F271-AB71-4EB9-B735-A8A2EE05F89D}.Debug|Any CPU.Build.0 = Debug|Any CPU
		{38E4F271-AB71-4EB9-B735-A8A2EE05F89D}.Release|Any CPU.ActiveCfg = Release|Any CPU
		{38E4F271-AB71-4EB9-B735-A8A2EE05F89D}.Release|Any CPU.Build.0 = Release|Any CPU
		{C45C92A1-C3B5-4236-A42E-E1180B2D0477}.Debug|Any CPU.ActiveCfg = Debug|Any CPU
		{C45C92A1-C3B5-4236-A42E-E1180B2D0477}.Debug|Any CPU.Build.0 = Debug|Any CPU
		{C45C92A1-C3B5-4236-A42E-E1180B2D0477}.Release|Any CPU.ActiveCfg = Release|Any CPU
		{C45C92A1-C3B5-4236-A42E-E1180B2D0477}.Release|Any CPU.Build.0 = Release|Any CPU
		{607F555C-27B9-4DBE-944F-10B09E527089}.Debug|Any CPU.ActiveCfg = Debug|Any CPU
		{607F555C-27B9-4DBE-944F-10B09E527089}.Debug|Any CPU.Build.0 = Debug|Any CPU
		{607F555C-27B9-4DBE-944F-10B09E527089}.Release|Any CPU.ActiveCfg = Release|Any CPU
		{607F555C-27B9-4DBE-944F-10B09E527089}.Release|Any CPU.Build.0 = Release|Any CPU
		{D30708B7-9309-44F1-AE30-24DF5A01CAAC}.Debug|Any CPU.ActiveCfg = Debug|Any CPU
		{D30708B7-9309-44F1-AE30-24DF5A01CAAC}.Debug|Any CPU.Build.0 = Debug|Any CPU
		{D30708B7-9309-44F1-AE30-24DF5A01CAAC}.Release|Any CPU.ActiveCfg = Release|Any CPU
		{D30708B7-9309-44F1-AE30-24DF5A01CAAC}.Release|Any CPU.Build.0 = Release|Any CPU
	EndGlobalSection
	GlobalSection(SolutionProperties) = preSolution
		HideSolutionNode = FALSE
	EndGlobalSection
EndGlobal
